
Microsoft Visual Studio Solution File, Format Version 12.00
# Visual Studio 15
Project("{FAE04EC0-301F-11D3-BF4B-00C04F79EFBC}") = "Assembly-CSharp", "Assembly-CSharp.csproj", "{02F27524-9E09-6475-CF6C-FE3FA5BFAE52}"
EndProject
Project("{FAE04EC0-301F-11D3-BF4B-00C04F79EFBC}") = "Assembly-CSharp-Editor", "Assembly-CSharp-Editor.csproj", "{543F30CD-9624-A5CA-7626-F78CEDC5AEA3}"
EndProject
Global
	GlobalSection(SolutionConfigurationPlatforms) = preSolution
		Debug|Any CPU = Debug|Any CPU
		Release|Any CPU = Release|Any CPU
	EndGlobalSection
	GlobalSection(ProjectConfigurationPlatforms) = postSolution
		{02F27524-9E09-6475-CF6C-FE3FA5BFAE52}.Debug|Any CPU.ActiveCfg = Debug|Any CPU
		{02F27524-9E09-6475-CF6C-FE3FA5BFAE52}.Debug|Any CPU.Build.0 = Debug|Any CPU
		{02F27524-9E09-6475-CF6C-FE3FA5BFAE52}.Release|Any CPU.ActiveCfg = Release|Any CPU
		{02F27524-9E09-6475-CF6C-FE3FA5BFAE52}.Release|Any CPU.Build.0 = Release|Any CPU
		{543F30CD-9624-A5CA-7626-F78CEDC5AEA3}.Debug|Any CPU.ActiveCfg = Debug|Any CPU
		{543F30CD-9624-A5CA-7626-F78CEDC5AEA3}.Debug|Any CPU.Build.0 = Debug|Any CPU
		{543F30CD-9624-A5CA-7626-F78CEDC5AEA3}.Release|Any CPU.ActiveCfg = Release|Any CPU
		{543F30CD-9624-A5CA-7626-F78CEDC5AEA3}.Release|Any CPU.Build.0 = Release|Any CPU
	EndGlobalSection
	GlobalSection(SolutionProperties) = preSolution
		HideSolutionNode = FALSE
	EndGlobalSection
EndGlobal
